
Microsoft Visual Studio Solution File, Format Version 12.00
# Visual Studio Version 16
VisualStudioVersion = 25.0.1705.0
MinimumVisualStudioVersion = 10.0.40219.1
Project("{FAE04EC0-301F-11D3-BF4B-00C04F79EFBC}") = "CS190_ASPTutorial", "CS190_ASPTutorial\CS190_ASPTutorial.csproj", "{BDBA6B31-7B33-49C4-B813-8E0D9C9BC79E}"
EndProject
Global
	GlobalSection(SolutionConfigurationPlatforms) = preSolution
		Debug|Any CPU = Debug|Any CPU
		Release|Any CPU = Release|Any CPU
	EndGlobalSection
	GlobalSection(ProjectConfigurationPlatforms) = postSolution
		{BDBA6B31-7B33-49C4-B813-8E0D9C9BC79E}.Debug|Any CPU.ActiveCfg = Debug|Any CPU
		{BDBA6B31-7B33-49C4-B813-8E0D9C9BC79E}.Debug|Any CPU.Build.0 = Debug|Any CPU
		{BDBA6B31-7B33-49C4-B813-8E0D9C9BC79E}.Release|Any CPU.ActiveCfg = Release|Any CPU
		{BDBA6B31-7B33-49C4-B813-8E0D9C9BC79E}.Release|Any CPU.Build.0 = Release|Any CPU
	EndGlobalSection
	GlobalSection(SolutionProperties) = preSolution
		HideSolutionNode = FALSE
	EndGlobalSection
	GlobalSection(ExtensibilityGlobals) = postSolution
		SolutionGuid = {CC77ABBB-28DF-4679-9A64-67506B4B01E4}
	EndGlobalSection
EndGlobal
